// !$*UTF8*$!
{
	archiveVersion = 1;
	classes = {
	};
	objectVersion = 50;
	objects = {

/* Begin PBXBuildFile section */
		3381B6AC23C5A1DD00151AFB /* AppDelegate.swift in Sources */ = {isa = PBXBuildFile; fileRef = 3381B6AB23C5A1DD00151AFB /* AppDelegate.swift */; };
		3381B6AE23C5A1DD00151AFB /* SceneDelegate.swift in Sources */ = {isa = PBXBuildFile; fileRef = 3381B6AD23C5A1DD00151AFB /* SceneDelegate.swift */; };
		3381B6B023C5A1DD00151AFB /* ViewController.swift in Sources */ = {isa = PBXBuildFile; fileRef = 3381B6AF23C5A1DD00151AFB /* ViewController.swift */; };
		3381B6B323C5A1DD00151AFB /* Main.storyboard in Resources */ = {isa = PBXBuildFile; fileRef = 3381B6B123C5A1DD00151AFB /* Main.storyboard */; };
		3381B6B523C5A1E300151AFB /* Assets.xcassets in Resources */ = {isa = PBXBuildFile; fileRef = 3381B6B423C5A1E300151AFB /* Assets.xcassets */; };
		3381B6B823C5A1E300151AFB /* LaunchScreen.storyboard in Resources */ = {isa = PBXBuildFile; fileRef = 3381B6B623C5A1E300151AFB /* LaunchScreen.storyboard */; };
/* End PBXBuildFile section */

/* Begin PBXFileReference section */
		3381B6A823C5A1DD00151AFB /* GoodSleep.app */ = {isa = PBXFileReference; explicitFileType = wrapper.application; includeInIndex = 0; path = GoodSleep.app; sourceTree = BUILT_PRODUCTS_DIR; };
		3381B6AB23C5A1DD00151AFB /* AppDelegate.swift */ = {isa = PBXFileReference; lastKnownFileType = sourcecode.swift; path = AppDelegate.swift; sourceTree = "<group>"; };
		3381B6AD23C5A1DD00151AFB /* SceneDelegate.swift */ = {isa = PBXFileReference; lastKnownFileType = sourcecode.swift; path = SceneDelegate.swift; sourceTree = "<group>"; };
		3381B6AF23C5A1DD00151AFB /* ViewController.swift */ = {isa = PBXFileReference; lastKnownFileType = sourcecode.swift; path = ViewController.swift; sourceTree = "<group>"; };
		3381B6B223C5A1DD00151AFB /* Base */ = {isa = PBXFileReference; lastKnownFileType = file.storyboard; name = Base; path = Base.lproj/Main.storyboard; sourceTree = "<group>"; };
		3381B6B423C5A1E300151AFB /* Assets.xcassets */ = {isa = PBXFileReference; lastKnownFileType = folder.assetcatalog; path = Assets.xcassets; sourceTree = "<group>"; };
		3381B6B723C5A1E300151AFB /* Base */ = {isa = PBXFileReference; lastKnownFileType = file.storyboard; name = Base; path = Base.lproj/LaunchScreen.storyboard; sourceTree = "<group>"; };
		3381B6B923C5A1E300151AFB /* Info.plist */ = {isa = PBXFileReference; lastKnownFileType = text.plist.xml; path = Info.plist; sourceTree = "<group>"; };
/* End PBXFileReference section */

/* Begin PBXFrameworksBuildPhase section */
		3381B6A523C5A1DD00151AFB /* Frameworks */ = {
			isa = PBXFrameworksBuildPhase;
			buildActionMask = 2147483647;
			files = (
			);
			runOnlyForDeploymentPostprocessing = 0;
		};
/* End PBXFrameworksBuildPhase section */

/* Begin PBXGroup section */
		3381B69F23C5A1DD00151AFB = {
			isa = PBXGroup;
			children = (
				3381B6AA23C5A1DD00151AFB /* GoodSleep */,
				3381B6A923C5A1DD00151AFB /* Products */,
			);
			sourceTree = "<group>";
		};
		3381B6A923C5A1DD00151AFB /* Products */ = {
			isa = PBXGroup;
			children = (
				3381B6A823C5A1DD00151AFB /* GoodSleep.app */,
			);
			name = Products;
			sourceTree = "<group>";
		};
		3381B6AA23C5A1DD00151AFB /* GoodSleep */ = {
			isa = PBXGroup;
			children = (
				3381B6C423C5B21A00151AFB /* Extensions */,
				3381B6C323C5B20C00151AFB /* Views */,
				3381B6C123C5B19300151AFB /* SupportingFile */,
				3381B6C023C5B17600151AFB /* Viewcontrollers */,
				3381B6BF23C5B14100151AFB /* Storyboards */,
				3381B6C223C5B1B300151AFB /* Models */,
				3381B6B923C5A1E300151AFB /* Info.plist */,
			);
			path = GoodSleep;
			sourceTree = "<group>";
		};
		3381B6BF23C5B14100151AFB /* Storyboards */ = {
			isa = PBXGroup;
			children = (
				3381B6B623C5A1E300151AFB /* LaunchScreen.storyboard */,
				3381B6B123C5A1DD00151AFB /* Main.storyboard */,
			);
			path = Storyboards;
			sourceTree = "<group>";
		};
		3381B6C023C5B17600151AFB /* Viewcontrollers */ = {
			isa = PBXGroup;
			children = (
				3381B6AF23C5A1DD00151AFB /* ViewController.swift */,
			);
			path = Viewcontrollers;
			sourceTree = "<group>";
		};
		3381B6C123C5B19300151AFB /* SupportingFile */ = {
			isa = PBXGroup;
			children = (
				3381B6B423C5A1E300151AFB /* Assets.xcassets */,
				3381B6AD23C5A1DD00151AFB /* SceneDelegate.swift */,
				3381B6AB23C5A1DD00151AFB /* AppDelegate.swift */,
			);
			path = SupportingFile;
			sourceTree = "<group>";
		};
		3381B6C223C5B1B300151AFB /* Models */ = {
			isa = PBXGroup;
			children = (
			);
			path = Models;
			sourceTree = "<group>";
		};
		3381B6C323C5B20C00151AFB /* Views */ = {
			isa = PBXGroup;
			children = (
			);
			path = Views;
			sourceTree = "<group>";
		};
		3381B6C423C5B21A00151AFB /* Extensions */ = {
			isa = PBXGroup;
			children = (
			);
			path = Extensions;
			sourceTree = "<group>";
		};
/* End PBXGroup section */

/* Begin PBXNativeTarget section */
		3381B6A723C5A1DD00151AFB /* GoodSleep */ = {
			isa = PBXNativeTarget;
			buildConfigurationList = 3381B6BC23C5A1E300151AFB /* Build configuration list for PBXNativeTarget "GoodSleep" */;
			buildPhases = (
				3381B6A423C5A1DD00151AFB /* Sources */,
				3381B6A523C5A1DD00151AFB /* Frameworks */,
				3381B6A623C5A1DD00151AFB /* Resources */,
			);
			buildRules = (
			);
			dependencies = (
			);
			name = GoodSleep;
			productName = GoodSleep;
			productReference = 3381B6A823C5A1DD00151AFB /* GoodSleep.app */;
			productType = "com.apple.product-type.application";
		};
/* End PBXNativeTarget section */

/* Begin PBXProject section */
		3381B6A023C5A1DD00151AFB /* Project object */ = {
			isa = PBXProject;
			attributes = {
				LastSwiftUpdateCheck = 1130;
				LastUpgradeCheck = 1130;
				ORGANIZATIONNAME = hyejikim;
				TargetAttributes = {
					3381B6A723C5A1DD00151AFB = {
						CreatedOnToolsVersion = 11.3;
					};
				};
			};
			buildConfigurationList = 3381B6A323C5A1DD00151AFB /* Build configuration list for PBXProject "GoodSleep" */;
			compatibilityVersion = "Xcode 9.3";
			developmentRegion = en;
			hasScannedForEncodings = 0;
			knownRegions = (
				en,
				Base,
			);
			mainGroup = 3381B69F23C5A1DD00151AFB;
			productRefGroup = 3381B6A923C5A1DD00151AFB /* Products */;
			projectDirPath = "";
			projectRoot = "";
			targets = (
				3381B6A723C5A1DD00151AFB /* GoodSleep */,
			);
		};
/* End PBXProject section */

/* Begin PBXResourcesBuildPhase section */
		3381B6A623C5A1DD00151AFB /* Resources */ = {
			isa = PBXResourcesBuildPhase;
			buildActionMask = 2147483647;
			files = (
				3381B6B823C5A1E300151AFB /* LaunchScreen.storyboard in Resources */,
				3381B6B523C5A1E300151AFB /* Assets.xcassets in Resources */,
				3381B6B323C5A1DD00151AFB /* Main.storyboard in Resources */,
			);
			runOnlyForDeploymentPostprocessing = 0;
		};
/* End PBXResourcesBuildPhase section */

/* Begin PBXSourcesBuildPhase section */
		3381B6A423C5A1DD00151AFB /* Sources */ = {
			isa = PBXSourcesBuildPhase;
			buildActionMask = 2147483647;
			files = (
				3381B6B023C5A1DD00151AFB /* ViewController.swift in Sources */,
				3381B6AC23C5A1DD00151AFB /* AppDelegate.swift in Sources */,
				3381B6AE23C5A1DD00151AFB /* SceneDelegate.swift in Sources */,
			);
			runOnlyForDeploymentPostprocessing = 0;
		};
/* End PBXSourcesBuildPhase section */

/* Begin PBXVariantGroup section */
		3381B6B123C5A1DD00151AFB /* Main.storyboard */ = {
			isa = PBXVariantGroup;
			children = (
				3381B6B223C5A1DD00151AFB /* Base */,
			);
			name = Main.storyboard;
			sourceTree = "<group>";
		};
		3381B6B623C5A1E300151AFB /* LaunchScreen.storyboard */ = {
			isa = PBXVariantGroup;
			children = (
				3381B6B723C5A1E300151AFB /* Base */,
			);
			name = LaunchScreen.storyboard;
			sourceTree = "<group>";
		};
/* End PBXVariantGroup section */

/* Begin XCBuildConfiguration section */
		3381B6BA23C5A1E300151AFB /* Debug */ = {
			isa = XCBuildConfiguration;
			buildSettings = {
				ALWAYS_SEARCH_USER_PATHS = NO;
				CLANG_ANALYZER_NONNULL = YES;
				CLANG_ANALYZER_NUMBER_OBJECT_CONVERSION = YES_AGGRESSIVE;
				CLANG_CXX_LANGUAGE_STANDARD = "gnu++14";
				CLANG_CXX_LIBRARY = "libc++";
				CLANG_ENABLE_MODULES = YES;
				CLANG_ENABLE_OBJC_ARC = YES;
				CLANG_ENABLE_OBJC_WEAK = YES;
				CLANG_WARN_BLOCK_CAPTURE_AUTORELEASING = YES;
				CLANG_WARN_BOOL_CONVERSION = YES;
				CLANG_WARN_COMMA = YES;
				CLANG_WARN_CONSTANT_CONVERSION = YES;
				CLANG_WARN_DEPRECATED_OBJC_IMPLEMENTATIONS = YES;
				CLANG_WARN_DIRECT_OBJC_ISA_USAGE = YES_ERROR;
				CLANG_WARN_DOCUMENTATION_COMMENTS = YES;
				CLANG_WARN_EMPTY_BODY = YES;
				CLANG_WARN_ENUM_CONVERSION = YES;
				CLANG_WARN_INFINITE_RECURSION = YES;
				CLANG_WARN_INT_CONVERSION = YES;
				CLANG_WARN_NON_LITERAL_NULL_CONVERSION = YES;
				CLANG_WARN_OBJC_IMPLICIT_RETAIN_SELF = YES;
				CLANG_WARN_OBJC_LITERAL_CONVERSION = YES;
				CLANG_WARN_OBJC_ROOT_CLASS = YES_ERROR;
				CLANG_WARN_RANGE_LOOP_ANALYSIS = YES;
				CLANG_WARN_STRICT_PROTOTYPES = YES;
				CLANG_WARN_SUSPICIOUS_MOVE = YES;
				CLANG_WARN_UNGUARDED_AVAILABILITY = YES_AGGRESSIVE;
				CLANG_WARN_UNREACHABLE_CODE = YES;
				CLANG_WARN__DUPLICATE_METHOD_MATCH = YES;
				COPY_PHASE_STRIP = NO;
				DEBUG_INFORMATION_FORMAT = dwarf;
				ENABLE_STRICT_OBJC_MSGSEND = YES;
				ENABLE_TESTABILITY = YES;
				GCC_C_LANGUAGE_STANDARD = gnu11;
				GCC_DYNAMIC_NO_PIC = NO;
				GCC_NO_COMMON_BLOCKS = YES;
				GCC_OPTIMIZATION_LEVEL = 0;
				GCC_PREPROCESSOR_DEFINITIONS = (
					"DEBUG=1",
					"$(inherited)",
				);
				GCC_WARN_64_TO_32_BIT_CONVERSION = YES;
				GCC_WARN_ABOUT_RETURN_TYPE = YES_ERROR;
				GCC_WARN_UNDECLARED_SELECTOR = YES;
				GCC_WARN_UNINITIALIZED_AUTOS = YES_AGGRESSIVE;
				GCC_WARN_UNUSED_FUNCTION = YES;
				GCC_WARN_UNUSED_VARIABLE = YES;
				IPHONEOS_DEPLOYMENT_TARGET = 13.2;
				MTL_ENABLE_DEBUG_INFO = INCLUDE_SOURCE;
				MTL_FAST_MATH = YES;
				ONLY_ACTIVE_ARCH = YES;
				SDKROOT = iphoneos;
				SWIFT_ACTIVE_COMPILATION_CONDITIONS = DEBUG;
				SWIFT_OPTIMIZATION_LEVEL = "-Onone";
			};
			name = Debug;
		};
		3381B6BB23C5A1E300151AFB /* Release */ = {
			isa = XCBuildConfiguration;
			buildSettings = {
				ALWAYS_SEARCH_USER_PATHS = NO;
				CLANG_ANALYZER_NONNULL = YES;
				CLANG_ANALYZER_NUMBER_OBJECT_CONVERSION = YES_AGGRESSIVE;
				CLANG_CXX_LANGUAGE_STANDARD = "gnu++14";
				CLANG_CXX_LIBRARY = "libc++";
				CLANG_ENABLE_MODULES = YES;
				CLANG_ENABLE_OBJC_ARC = YES;
				CLANG_ENABLE_OBJC_WEAK = YES;
				CLANG_WARN_BLOCK_CAPTURE_AUTORELEASING = YES;
				CLANG_WARN_BOOL_CONVERSION = YES;
				CLANG_WARN_COMMA = YES;
				CLANG_WARN_CONSTANT_CONVERSION = YES;
				CLANG_WARN_DEPRECATED_OBJC_IMPLEMENTATIONS = YES;
				CLANG_WARN_DIRECT_OBJC_ISA_USAGE = YES_ERROR;
				CLANG_WARN_DOCUMENTATION_COMMENTS = YES;
				CLANG_WARN_EMPTY_BODY = YES;
				CLANG_WARN_ENUM_CONVERSION = YES;
				CLANG_WARN_INFINITE_RECURSION = YES;
				CLANG_WARN_INT_CONVERSION = YES;
				CLANG_WARN_NON_LITERAL_NULL_CONVERSION = YES;
				CLANG_WARN_OBJC_IMPLICIT_RETAIN_SELF = YES;
				CLANG_WARN_OBJC_LITERAL_CONVERSION = YES;
				CLANG_WARN_OBJC_ROOT_CLASS = YES_ERROR;
				CLANG_WARN_RANGE_LOOP_ANALYSIS = YES;
				CLANG_WARN_STRICT_PROTOTYPES = YES;
				CLANG_WARN_SUSPICIOUS_MOVE = YES;
				CLANG_WARN_UNGUARDED_AVAILABILITY = YES_AGGRESSIVE;
				CLANG_WARN_UNREACHABLE_CODE = YES;
				CLANG_WARN__DUPLICATE_METHOD_MATCH = YES;
				COPY_PHASE_STRIP = NO;
				DEBUG_INFORMATION_FORMAT = "dwarf-with-dsym";
				ENABLE_NS_ASSERTIONS = NO;
				ENABLE_STRICT_OBJC_MSGSEND = YES;
				GCC_C_LANGUAGE_STANDARD = gnu11;
				GCC_NO_COMMON_BLOCKS = YES;
				GCC_WARN_64_TO_32_BIT_CONVERSION = YES;
				GCC_WARN_ABOUT_RETURN_TYPE = YES_ERROR;
				GCC_WARN_UNDECLARED_SELECTOR = YES;
				GCC_WARN_UNINITIALIZED_AUTOS = YES_AGGRESSIVE;
				GCC_WARN_UNUSED_FUNCTION = YES;
				GCC_WARN_UNUSED_VARIABLE = YES;
				IPHONEOS_DEPLOYMENT_TARGET = 13.2;
				MTL_ENABLE_DEBUG_INFO = NO;
				MTL_FAST_MATH = YES;
				SDKROOT = iphoneos;
				SWIFT_COMPILATION_MODE = wholemodule;
				SWIFT_OPTIMIZATION_LEVEL = "-O";
				VALIDATE_PRODUCT = YES;
			};
			name = Release;
		};
		3381B6BD23C5A1E300151AFB /* Debug */ = {
			isa = XCBuildConfiguration;
			buildSettings = {
				ASSETCATALOG_COMPILER_APPICON_NAME = AppIcon;
				CODE_SIGN_STYLE = Automatic;
				INFOPLIST_FILE = GoodSleep/Info.plist;
				LD_RUNPATH_SEARCH_PATHS = (
					"$(inherited)",
					"@executable_path/Frameworks",
				);
				PRODUCT_BUNDLE_IDENTIFIER = hyex.GoodSleep;
				PRODUCT_NAME = "$(TARGET_NAME)";
				SWIFT_VERSION = 5.0;
				TARGETED_DEVICE_FAMILY = "1,2";
			};
			name = Debug;
		};
		3381B6BE23C5A1E300151AFB /* Release */ = {
			isa = XCBuildConfiguration;
			buildSettings = {
				ASSETCATALOG_COMPILER_APPICON_NAME = AppIcon;
				CODE_SIGN_STYLE = Automatic;
				INFOPLIST_FILE = GoodSleep/Info.plist;
				LD_RUNPATH_SEARCH_PATHS = (
					"$(inherited)",
					"@executable_path/Frameworks",
				);
				PRODUCT_BUNDLE_IDENTIFIER = hyex.GoodSleep;
				PRODUCT_NAME = "$(TARGET_NAME)";
				SWIFT_VERSION = 5.0;
				TARGETED_DEVICE_FAMILY = "1,2";
			};
			name = Release;
		};
/* End XCBuildConfiguration section */

/* Begin XCConfigurationList section */
		3381B6A323C5A1DD00151AFB /* Build configuration list for PBXProject "GoodSleep" */ = {
			isa = XCConfigurationList;
			buildConfigurations = (
				3381B6BA23C5A1E300151AFB /* Debug */,
				3381B6BB23C5A1E300151AFB /* Release */,
			);
			defaultConfigurationIsVisible = 0;
			defaultConfigurationName = Release;
		};
		3381B6BC23C5A1E300151AFB /* Build configuration list for PBXNativeTarget "GoodSleep" */ = {
			isa = XCConfigurationList;
			buildConfigurations = (
				3381B6BD23C5A1E300151AFB /* Debug */,
				3381B6BE23C5A1E300151AFB /* Release */,
			);
			defaultConfigurationIsVisible = 0;
			defaultConfigurationName = Release;
		};
/* End XCConfigurationList section */
	};
	rootObject = 3381B6A023C5A1DD00151AFB /* Project object */;
}
